
Microsoft Visual Studio Solution File, Format Version 12.00
# Visual Studio Version 16
VisualStudioVersion = 16.0.29009.5
MinimumVisualStudioVersion = 10.0.40219.1
Project("{FAE04EC0-301F-11D3-BF4B-00C04F79EFBC}") = "Problema14", "Problema14\Problema14.csproj", "{239925AF-2517-4B02-B322-5E966EA86DEF}"
EndProject
Global
	GlobalSection(SolutionConfigurationPlatforms) = preSolution
		Debug|Any CPU = Debug|Any CPU
		Release|Any CPU = Release|Any CPU
	EndGlobalSection
	GlobalSection(ProjectConfigurationPlatforms) = postSolution
		{239925AF-2517-4B02-B322-5E966EA86DEF}.Debug|Any CPU.ActiveCfg = Debug|Any CPU
		{239925AF-2517-4B02-B322-5E966EA86DEF}.Debug|Any CPU.Build.0 = Debug|Any CPU
		{239925AF-2517-4B02-B322-5E966EA86DEF}.Release|Any CPU.ActiveCfg = Release|Any CPU
		{239925AF-2517-4B02-B322-5E966EA86DEF}.Release|Any CPU.Build.0 = Release|Any CPU
	EndGlobalSection
	GlobalSection(SolutionProperties) = preSolution
		HideSolutionNode = FALSE
	EndGlobalSection
	GlobalSection(ExtensibilityGlobals) = postSolution
		SolutionGuid = {C8E80719-6C9A-4C2C-A883-E0EB9918DE96}
	EndGlobalSection
EndGlobal
