
Microsoft Visual Studio Solution File, Format Version 12.00
# Visual Studio Version 16
VisualStudioVersion = 16.0.29009.5
MinimumVisualStudioVersion = 10.0.40219.1
Project("{FAE04EC0-301F-11D3-BF4B-00C04F79EFBC}") = "Problema12", "Problema12\Problema12.csproj", "{E5E81467-0BCA-4238-8149-AEB8BF24DA0D}"
EndProject
Global
	GlobalSection(SolutionConfigurationPlatforms) = preSolution
		Debug|Any CPU = Debug|Any CPU
		Release|Any CPU = Release|Any CPU
	EndGlobalSection
	GlobalSection(ProjectConfigurationPlatforms) = postSolution
		{E5E81467-0BCA-4238-8149-AEB8BF24DA0D}.Debug|Any CPU.ActiveCfg = Debug|Any CPU
		{E5E81467-0BCA-4238-8149-AEB8BF24DA0D}.Debug|Any CPU.Build.0 = Debug|Any CPU
		{E5E81467-0BCA-4238-8149-AEB8BF24DA0D}.Release|Any CPU.ActiveCfg = Release|Any CPU
		{E5E81467-0BCA-4238-8149-AEB8BF24DA0D}.Release|Any CPU.Build.0 = Release|Any CPU
	EndGlobalSection
	GlobalSection(SolutionProperties) = preSolution
		HideSolutionNode = FALSE
	EndGlobalSection
	GlobalSection(ExtensibilityGlobals) = postSolution
		SolutionGuid = {436AC9FB-AE5F-4951-B305-0735C90FAA95}
	EndGlobalSection
EndGlobal
